// !$*UTF8*$!
{
	archiveVersion = 1;
	classes = {
	};
	objectVersion = 46;
	objects = {

/* Begin PBXBuildFile section */
		80FA9059EC360E6CD5541684 /* Pods_PiwikDemo.framework in Frameworks */ = {isa = PBXBuildFile; fileRef = 408CAC9FA1036D989DD1C8BA /* Pods_PiwikDemo.framework */; };
		AE1446DD1EC9C5CA00CC4B48 /* AppDelegate.swift in Sources */ = {isa = PBXBuildFile; fileRef = AE1446DC1EC9C5CA00CC4B48 /* AppDelegate.swift */; };
		AE1446DF1EC9C5CA00CC4B48 /* ViewController.swift in Sources */ = {isa = PBXBuildFile; fileRef = AE1446DE1EC9C5CA00CC4B48 /* ViewController.swift */; };
		AE1446E21EC9C5CA00CC4B48 /* Main.storyboard in Resources */ = {isa = PBXBuildFile; fileRef = AE1446E01EC9C5CA00CC4B48 /* Main.storyboard */; };
		AE1446E41EC9C5CA00CC4B48 /* Assets.xcassets in Resources */ = {isa = PBXBuildFile; fileRef = AE1446E31EC9C5CA00CC4B48 /* Assets.xcassets */; };
		AE1446E71EC9C5CA00CC4B48 /* LaunchScreen.storyboard in Resources */ = {isa = PBXBuildFile; fileRef = AE1446E51EC9C5CA00CC4B48 /* LaunchScreen.storyboard */; };
		AE1446F01EC9D2BC00CC4B48 /* PiwikManager.swift in Sources */ = {isa = PBXBuildFile; fileRef = AE1446EF1EC9D2BC00CC4B48 /* PiwikManager.swift */; };
		AE1446F41EC9E94000CC4B48 /* piwiktracker.xcdatamodeld in Resources */ = {isa = PBXBuildFile; fileRef = AE1446F11EC9E93F00CC4B48 /* piwiktracker.xcdatamodeld */; };
/* End PBXBuildFile section */

/* Begin PBXFileReference section */
		325301F1352D669F5F0850AF /* Pods-PiwikDemo.debug.xcconfig */ = {isa = PBXFileReference; includeInIndex = 1; lastKnownFileType = text.xcconfig; name = "Pods-PiwikDemo.debug.xcconfig"; path = "Pods/Target Support Files/Pods-PiwikDemo/Pods-PiwikDemo.debug.xcconfig"; sourceTree = "<group>"; };
		408CAC9FA1036D989DD1C8BA /* Pods_PiwikDemo.framework */ = {isa = PBXFileReference; explicitFileType = wrapper.framework; includeInIndex = 0; path = Pods_PiwikDemo.framework; sourceTree = BUILT_PRODUCTS_DIR; };
		82752C8786AC831FF098E127 /* Pods-PiwikDemo.release.xcconfig */ = {isa = PBXFileReference; includeInIndex = 1; lastKnownFileType = text.xcconfig; name = "Pods-PiwikDemo.release.xcconfig"; path = "Pods/Target Support Files/Pods-PiwikDemo/Pods-PiwikDemo.release.xcconfig"; sourceTree = "<group>"; };
		AE1446D91EC9C5CA00CC4B48 /* PiwikDemo.app */ = {isa = PBXFileReference; explicitFileType = wrapper.application; includeInIndex = 0; path = PiwikDemo.app; sourceTree = BUILT_PRODUCTS_DIR; };
		AE1446DC1EC9C5CA00CC4B48 /* AppDelegate.swift */ = {isa = PBXFileReference; lastKnownFileType = sourcecode.swift; path = AppDelegate.swift; sourceTree = "<group>"; };
		AE1446DE1EC9C5CA00CC4B48 /* ViewController.swift */ = {isa = PBXFileReference; lastKnownFileType = sourcecode.swift; path = ViewController.swift; sourceTree = "<group>"; };
		AE1446E11EC9C5CA00CC4B48 /* Base */ = {isa = PBXFileReference; lastKnownFileType = file.storyboard; name = Base; path = Base.lproj/Main.storyboard; sourceTree = "<group>"; };
		AE1446E31EC9C5CA00CC4B48 /* Assets.xcassets */ = {isa = PBXFileReference; lastKnownFileType = folder.assetcatalog; path = Assets.xcassets; sourceTree = "<group>"; };
		AE1446E61EC9C5CA00CC4B48 /* Base */ = {isa = PBXFileReference; lastKnownFileType = file.storyboard; name = Base; path = Base.lproj/LaunchScreen.storyboard; sourceTree = "<group>"; };
		AE1446E81EC9C5CA00CC4B48 /* Info.plist */ = {isa = PBXFileReference; lastKnownFileType = text.plist.xml; path = Info.plist; sourceTree = "<group>"; };
		AE1446EF1EC9D2BC00CC4B48 /* PiwikManager.swift */ = {isa = PBXFileReference; fileEncoding = 4; lastKnownFileType = sourcecode.swift; name = PiwikManager.swift; path = piwik/PiwikManager.swift; sourceTree = "<group>"; };
		AE1446F21EC9E94000CC4B48 /* piwiktracker v2.xcdatamodel */ = {isa = PBXFileReference; lastKnownFileType = wrapper.xcdatamodel; path = "piwiktracker v2.xcdatamodel"; sourceTree = "<group>"; };
		AE1446F31EC9E94000CC4B48 /* piwiktracker.xcdatamodel */ = {isa = PBXFileReference; lastKnownFileType = wrapper.xcdatamodel; path = piwiktracker.xcdatamodel; sourceTree = "<group>"; };
/* End PBXFileReference section */

/* Begin PBXFrameworksBuildPhase section */
		AE1446D61EC9C5CA00CC4B48 /* Frameworks */ = {
			isa = PBXFrameworksBuildPhase;
			buildActionMask = 2147483647;
			files = (
				80FA9059EC360E6CD5541684 /* Pods_PiwikDemo.framework in Frameworks */,
			);
			runOnlyForDeploymentPostprocessing = 0;
		};
/* End PBXFrameworksBuildPhase section */

/* Begin PBXGroup section */
		20C3AE3392ECF4F6126DA8BB /* Pods */ = {
			isa = PBXGroup;
			children = (
				325301F1352D669F5F0850AF /* Pods-PiwikDemo.debug.xcconfig */,
				82752C8786AC831FF098E127 /* Pods-PiwikDemo.release.xcconfig */,
			);
			name = Pods;
			sourceTree = "<group>";
		};
		24D73A58B2D64F1BC3CD4402 /* Frameworks */ = {
			isa = PBXGroup;
			children = (
				408CAC9FA1036D989DD1C8BA /* Pods_PiwikDemo.framework */,
			);
			name = Frameworks;
			sourceTree = "<group>";
		};
		AE1446D01EC9C5CA00CC4B48 = {
			isa = PBXGroup;
			children = (
				AE1446F11EC9E93F00CC4B48 /* piwiktracker.xcdatamodeld */,
				AE1446DB1EC9C5CA00CC4B48 /* PiwikDemo */,
				AE1446DA1EC9C5CA00CC4B48 /* Products */,
				20C3AE3392ECF4F6126DA8BB /* Pods */,
				24D73A58B2D64F1BC3CD4402 /* Frameworks */,
			);
			sourceTree = "<group>";
		};
		AE1446DA1EC9C5CA00CC4B48 /* Products */ = {
			isa = PBXGroup;
			children = (
				AE1446D91EC9C5CA00CC4B48 /* PiwikDemo.app */,
			);
			name = Products;
			sourceTree = "<group>";
		};
		AE1446DB1EC9C5CA00CC4B48 /* PiwikDemo */ = {
			isa = PBXGroup;
			children = (
				AE1446EE1EC9D29E00CC4B48 /* Piwik */,
				AE1446DC1EC9C5CA00CC4B48 /* AppDelegate.swift */,
				AE1446DE1EC9C5CA00CC4B48 /* ViewController.swift */,
				AE1446E01EC9C5CA00CC4B48 /* Main.storyboard */,
				AE1446E31EC9C5CA00CC4B48 /* Assets.xcassets */,
				AE1446E51EC9C5CA00CC4B48 /* LaunchScreen.storyboard */,
				AE1446E81EC9C5CA00CC4B48 /* Info.plist */,
			);
			path = PiwikDemo;
			sourceTree = "<group>";
		};
		AE1446EE1EC9D29E00CC4B48 /* Piwik */ = {
			isa = PBXGroup;
			children = (
				AE1446EF1EC9D2BC00CC4B48 /* PiwikManager.swift */,
			);
			name = Piwik;
			sourceTree = "<group>";
		};
/* End PBXGroup section */

/* Begin PBXNativeTarget section */
		AE1446D81EC9C5CA00CC4B48 /* PiwikDemo */ = {
			isa = PBXNativeTarget;
			buildConfigurationList = AE1446EB1EC9C5CA00CC4B48 /* Build configuration list for PBXNativeTarget "PiwikDemo" */;
			buildPhases = (
				56E22624E4C6E05AB3369A36 /* [CP] Check Pods Manifest.lock */,
				AE1446D51EC9C5CA00CC4B48 /* Sources */,
				AE1446D61EC9C5CA00CC4B48 /* Frameworks */,
				AE1446D71EC9C5CA00CC4B48 /* Resources */,
				2972FD73ACD9BC9A87A9282F /* [CP] Embed Pods Frameworks */,
				FA86D94C1BFBB917BB105051 /* [CP] Copy Pods Resources */,
			);
			buildRules = (
			);
			dependencies = (
			);
			name = PiwikDemo;
			productName = PiwikDemo;
			productReference = AE1446D91EC9C5CA00CC4B48 /* PiwikDemo.app */;
			productType = "com.apple.product-type.application";
		};
/* End PBXNativeTarget section */

/* Begin PBXProject section */
		AE1446D11EC9C5CA00CC4B48 /* Project object */ = {
			isa = PBXProject;
			attributes = {
				LastSwiftUpdateCheck = 0830;
				LastUpgradeCheck = 0830;
				ORGANIZATIONNAME = Noy;
				TargetAttributes = {
					AE1446D81EC9C5CA00CC4B48 = {
						CreatedOnToolsVersion = 8.3.2;
						DevelopmentTeam = 3N53L8T4G7;
						ProvisioningStyle = Automatic;
					};
				};
			};
			buildConfigurationList = AE1446D41EC9C5CA00CC4B48 /* Build configuration list for PBXProject "PiwikDemo" */;
			compatibilityVersion = "Xcode 3.2";
			developmentRegion = English;
			hasScannedForEncodings = 0;
			knownRegions = (
				en,
				Base,
			);
			mainGroup = AE1446D01EC9C5CA00CC4B48;
			productRefGroup = AE1446DA1EC9C5CA00CC4B48 /* Products */;
			projectDirPath = "";
			projectRoot = "";
			targets = (
				AE1446D81EC9C5CA00CC4B48 /* PiwikDemo */,
			);
		};
/* End PBXProject section */

/* Begin PBXResourcesBuildPhase section */
		AE1446D71EC9C5CA00CC4B48 /* Resources */ = {
			isa = PBXResourcesBuildPhase;
			buildActionMask = 2147483647;
			files = (
				AE1446F41EC9E94000CC4B48 /* piwiktracker.xcdatamodeld in Resources */,
				AE1446E71EC9C5CA00CC4B48 /* LaunchScreen.storyboard in Resources */,
				AE1446E41EC9C5CA00CC4B48 /* Assets.xcassets in Resources */,
				AE1446E21EC9C5CA00CC4B48 /* Main.storyboard in Resources */,
			);
			runOnlyForDeploymentPostprocessing = 0;
		};
/* End PBXResourcesBuildPhase section */

/* Begin PBXShellScriptBuildPhase section */
		2972FD73ACD9BC9A87A9282F /* [CP] Embed Pods Frameworks */ = {
			isa = PBXShellScriptBuildPhase;
			buildActionMask = 2147483647;
			files = (
			);
			inputPaths = (
			);
			name = "[CP] Embed Pods Frameworks";
			outputPaths = (
			);
			runOnlyForDeploymentPostprocessing = 0;
			shellPath = /bin/sh;
			shellScript = "\"${SRCROOT}/Pods/Target Support Files/Pods-PiwikDemo/Pods-PiwikDemo-frameworks.sh\"\n";
			showEnvVarsInLog = 0;
		};
		56E22624E4C6E05AB3369A36 /* [CP] Check Pods Manifest.lock */ = {
			isa = PBXShellScriptBuildPhase;
			buildActionMask = 2147483647;
			files = (
			);
			inputPaths = (
			);
			name = "[CP] Check Pods Manifest.lock";
			outputPaths = (
			);
			runOnlyForDeploymentPostprocessing = 0;
			shellPath = /bin/sh;
			shellScript = "diff \"${PODS_PODFILE_DIR_PATH}/Podfile.lock\" \"${PODS_ROOT}/Manifest.lock\" > /dev/null\nif [ $? != 0 ] ; then\n    # print error to STDERR\n    echo \"error: The sandbox is not in sync with the Podfile.lock. Run 'pod install' or update your CocoaPods installation.\" >&2\n    exit 1\nfi\n";
			showEnvVarsInLog = 0;
		};
		FA86D94C1BFBB917BB105051 /* [CP] Copy Pods Resources */ = {
			isa = PBXShellScriptBuildPhase;
			buildActionMask = 2147483647;
			files = (
			);
			inputPaths = (
			);
			name = "[CP] Copy Pods Resources";
			outputPaths = (
			);
			runOnlyForDeploymentPostprocessing = 0;
			shellPath = /bin/sh;
			shellScript = "\"${SRCROOT}/Pods/Target Support Files/Pods-PiwikDemo/Pods-PiwikDemo-resources.sh\"\n";
			showEnvVarsInLog = 0;
		};
/* End PBXShellScriptBuildPhase section */

/* Begin PBXSourcesBuildPhase section */
		AE1446D51EC9C5CA00CC4B48 /* Sources */ = {
			isa = PBXSourcesBuildPhase;
			buildActionMask = 2147483647;
			files = (
				AE1446DF1EC9C5CA00CC4B48 /* ViewController.swift in Sources */,
				AE1446DD1EC9C5CA00CC4B48 /* AppDelegate.swift in Sources */,
				AE1446F01EC9D2BC00CC4B48 /* PiwikManager.swift in Sources */,
			);
			runOnlyForDeploymentPostprocessing = 0;
		};
/* End PBXSourcesBuildPhase section */

/* Begin PBXVariantGroup section */
		AE1446E01EC9C5CA00CC4B48 /* Main.storyboard */ = {
			isa = PBXVariantGroup;
			children = (
				AE1446E11EC9C5CA00CC4B48 /* Base */,
			);
			name = Main.storyboard;
			sourceTree = "<group>";
		};
		AE1446E51EC9C5CA00CC4B48 /* LaunchScreen.storyboard */ = {
			isa = PBXVariantGroup;
			children = (
				AE1446E61EC9C5CA00CC4B48 /* Base */,
			);
			name = LaunchScreen.storyboard;
			sourceTree = "<group>";
		};
/* End PBXVariantGroup section */

/* Begin XCBuildConfiguration section */
		AE1446E91EC9C5CA00CC4B48 /* Debug */ = {
			isa = XCBuildConfiguration;
			buildSettings = {
				ALWAYS_SEARCH_USER_PATHS = NO;
				CLANG_ANALYZER_NONNULL = YES;
				CLANG_ANALYZER_NUMBER_OBJECT_CONVERSION = YES_AGGRESSIVE;
				CLANG_CXX_LANGUAGE_STANDARD = "gnu++0x";
				CLANG_CXX_LIBRARY = "libc++";
				CLANG_ENABLE_MODULES = YES;
				CLANG_ENABLE_OBJC_ARC = YES;
				CLANG_WARN_BOOL_CONVERSION = YES;
				CLANG_WARN_CONSTANT_CONVERSION = YES;
				CLANG_WARN_DIRECT_OBJC_ISA_USAGE = YES_ERROR;
				CLANG_WARN_DOCUMENTATION_COMMENTS = YES;
				CLANG_WARN_EMPTY_BODY = YES;
				CLANG_WARN_ENUM_CONVERSION = YES;
				CLANG_WARN_INFINITE_RECURSION = YES;
				CLANG_WARN_INT_CONVERSION = YES;
				CLANG_WARN_OBJC_ROOT_CLASS = YES_ERROR;
				CLANG_WARN_SUSPICIOUS_MOVE = YES;
				CLANG_WARN_UNREACHABLE_CODE = YES;
				CLANG_WARN__DUPLICATE_METHOD_MATCH = YES;
				"CODE_SIGN_IDENTITY[sdk=iphoneos*]" = "iPhone Developer";
				COPY_PHASE_STRIP = NO;
				DEBUG_INFORMATION_FORMAT = dwarf;
				ENABLE_STRICT_OBJC_MSGSEND = YES;
				ENABLE_TESTABILITY = YES;
				GCC_C_LANGUAGE_STANDARD = gnu99;
				GCC_DYNAMIC_NO_PIC = NO;
				GCC_NO_COMMON_BLOCKS = YES;
				GCC_OPTIMIZATION_LEVEL = 0;
				GCC_PREPROCESSOR_DEFINITIONS = (
					"DEBUG=1",
					"$(inherited)",
				);
				GCC_WARN_64_TO_32_BIT_CONVERSION = YES;
				GCC_WARN_ABOUT_RETURN_TYPE = YES_ERROR;
				GCC_WARN_UNDECLARED_SELECTOR = YES;
				GCC_WARN_UNINITIALIZED_AUTOS = YES_AGGRESSIVE;
				GCC_WARN_UNUSED_FUNCTION = YES;
				GCC_WARN_UNUSED_VARIABLE = YES;
				IPHONEOS_DEPLOYMENT_TARGET = 9.3;
				MTL_ENABLE_DEBUG_INFO = YES;
				ONLY_ACTIVE_ARCH = YES;
				SDKROOT = iphoneos;
				SWIFT_ACTIVE_COMPILATION_CONDITIONS = DEBUG;
				SWIFT_OPTIMIZATION_LEVEL = "-Onone";
				TARGETED_DEVICE_FAMILY = "1,2";
			};
			name = Debug;
		};
		AE1446EA1EC9C5CA00CC4B48 /* Release */ = {
			isa = XCBuildConfiguration;
			buildSettings = {
				ALWAYS_SEARCH_USER_PATHS = NO;
				CLANG_ANALYZER_NONNULL = YES;
				CLANG_ANALYZER_NUMBER_OBJECT_CONVERSION = YES_AGGRESSIVE;
				CLANG_CXX_LANGUAGE_STANDARD = "gnu++0x";
				CLANG_CXX_LIBRARY = "libc++";
				CLANG_ENABLE_MODULES = YES;
				CLANG_ENABLE_OBJC_ARC = YES;
				CLANG_WARN_BOOL_CONVERSION = YES;
				CLANG_WARN_CONSTANT_CONVERSION = YES;
				CLANG_WARN_DIRECT_OBJC_ISA_USAGE = YES_ERROR;
				CLANG_WARN_DOCUMENTATION_COMMENTS = YES;
				CLANG_WARN_EMPTY_BODY = YES;
				CLANG_WARN_ENUM_CONVERSION = YES;
				CLANG_WARN_INFINITE_RECURSION = YES;
				CLANG_WARN_INT_CONVERSION = YES;
				CLANG_WARN_OBJC_ROOT_CLASS = YES_ERROR;
				CLANG_WARN_SUSPICIOUS_MOVE = YES;
				CLANG_WARN_UNREACHABLE_CODE = YES;
				CLANG_WARN__DUPLICATE_METHOD_MATCH = YES;
				"CODE_SIGN_IDENTITY[sdk=iphoneos*]" = "iPhone Developer";
				COPY_PHASE_STRIP = NO;
				DEBUG_INFORMATION_FORMAT = "dwarf-with-dsym";
				ENABLE_NS_ASSERTIONS = NO;
				ENABLE_STRICT_OBJC_MSGSEND = YES;
				GCC_C_LANGUAGE_STANDARD = gnu99;
				GCC_NO_COMMON_BLOCKS = YES;
				GCC_WARN_64_TO_32_BIT_CONVERSION = YES;
				GCC_WARN_ABOUT_RETURN_TYPE = YES_ERROR;
				GCC_WARN_UNDECLARED_SELECTOR = YES;
				GCC_WARN_UNINITIALIZED_AUTOS = YES_AGGRESSIVE;
				GCC_WARN_UNUSED_FUNCTION = YES;
				GCC_WARN_UNUSED_VARIABLE = YES;
				IPHONEOS_DEPLOYMENT_TARGET = 9.3;
				MTL_ENABLE_DEBUG_INFO = NO;
				SDKROOT = iphoneos;
				SWIFT_OPTIMIZATION_LEVEL = "-Owholemodule";
				TARGETED_DEVICE_FAMILY = "1,2";
				VALIDATE_PRODUCT = YES;
			};
			name = Release;
		};
		AE1446EC1EC9C5CA00CC4B48 /* Debug */ = {
			isa = XCBuildConfiguration;
			baseConfigurationReference = 325301F1352D669F5F0850AF /* Pods-PiwikDemo.debug.xcconfig */;
			buildSettings = {
				ASSETCATALOG_COMPILER_APPICON_NAME = AppIcon;
				DEVELOPMENT_TEAM = 3N53L8T4G7;
				INFOPLIST_FILE = PiwikDemo/Info.plist;
				IPHONEOS_DEPLOYMENT_TARGET = 9.3;
				LD_RUNPATH_SEARCH_PATHS = "$(inherited) @executable_path/Frameworks";
				PRODUCT_BUNDLE_IDENTIFIER = com.ios.testing.PiwikDemo;
				PRODUCT_NAME = "$(TARGET_NAME)";
				SWIFT_VERSION = 3.0;
			};
			name = Debug;
		};
		AE1446ED1EC9C5CA00CC4B48 /* Release */ = {
			isa = XCBuildConfiguration;
			baseConfigurationReference = 82752C8786AC831FF098E127 /* Pods-PiwikDemo.release.xcconfig */;
			buildSettings = {
				ASSETCATALOG_COMPILER_APPICON_NAME = AppIcon;
				DEVELOPMENT_TEAM = 3N53L8T4G7;
				INFOPLIST_FILE = PiwikDemo/Info.plist;
				IPHONEOS_DEPLOYMENT_TARGET = 9.3;
				LD_RUNPATH_SEARCH_PATHS = "$(inherited) @executable_path/Frameworks";
				PRODUCT_BUNDLE_IDENTIFIER = com.ios.testing.PiwikDemo;
				PRODUCT_NAME = "$(TARGET_NAME)";
				SWIFT_VERSION = 3.0;
			};
			name = Release;
		};
/* End XCBuildConfiguration section */

/* Begin XCConfigurationList section */
		AE1446D41EC9C5CA00CC4B48 /* Build configuration list for PBXProject "PiwikDemo" */ = {
			isa = XCConfigurationList;
			buildConfigurations = (
				AE1446E91EC9C5CA00CC4B48 /* Debug */,
				AE1446EA1EC9C5CA00CC4B48 /* Release */,
			);
			defaultConfigurationIsVisible = 0;
			defaultConfigurationName = Release;
		};
		AE1446EB1EC9C5CA00CC4B48 /* Build configuration list for PBXNativeTarget "PiwikDemo" */ = {
			isa = XCConfigurationList;
			buildConfigurations = (
				AE1446EC1EC9C5CA00CC4B48 /* Debug */,
				AE1446ED1EC9C5CA00CC4B48 /* Release */,
			);
			defaultConfigurationIsVisible = 0;
			defaultConfigurationName = Release;
		};
/* End XCConfigurationList section */

/* Begin XCVersionGroup section */
		AE1446F11EC9E93F00CC4B48 /* piwiktracker.xcdatamodeld */ = {
			isa = XCVersionGroup;
			children = (
				AE1446F21EC9E94000CC4B48 /* piwiktracker v2.xcdatamodel */,
				AE1446F31EC9E94000CC4B48 /* piwiktracker.xcdatamodel */,
			);
			currentVersion = AE1446F21EC9E94000CC4B48 /* piwiktracker v2.xcdatamodel */;
			name = piwiktracker.xcdatamodeld;
			path = Pods/PiwikTracker/PiwikTracker/piwiktracker.xcdatamodeld;
			sourceTree = "<group>";
			versionGroupType = wrapper.xcdatamodel;
		};
/* End XCVersionGroup section */
	};
	rootObject = AE1446D11EC9C5CA00CC4B48 /* Project object */;
}
